
Microsoft Visual Studio Solution File, Format Version 12.00
# Visual Studio 15
VisualStudioVersion = 15.0.28307.572
MinimumVisualStudioVersion = 10.0.40219.1
Project("{FAE04EC0-301F-11D3-BF4B-00C04F79EFBC}") = "WebApiWithKeyCloakToken", "WebApiWithKeyCloakToken\WebApiWithKeyCloakToken.csproj", "{7BF00B42-FD02-4F8F-8FD0-16743FC80715}"
EndProject
Global
	GlobalSection(SolutionConfigurationPlatforms) = preSolution
		Debug|Any CPU = Debug|Any CPU
		Release|Any CPU = Release|Any CPU
	EndGlobalSection
	GlobalSection(ProjectConfigurationPlatforms) = postSolution
		{7BF00B42-FD02-4F8F-8FD0-16743FC80715}.Debug|Any CPU.ActiveCfg = Debug|Any CPU
		{7BF00B42-FD02-4F8F-8FD0-16743FC80715}.Debug|Any CPU.Build.0 = Debug|Any CPU
		{7BF00B42-FD02-4F8F-8FD0-16743FC80715}.Release|Any CPU.ActiveCfg = Release|Any CPU
		{7BF00B42-FD02-4F8F-8FD0-16743FC80715}.Release|Any CPU.Build.0 = Release|Any CPU
	EndGlobalSection
	GlobalSection(SolutionProperties) = preSolution
		HideSolutionNode = FALSE
	EndGlobalSection
	GlobalSection(ExtensibilityGlobals) = postSolution
		SolutionGuid = {613E7755-70BB-443F-9F35-8476AAE9E006}
	EndGlobalSection
EndGlobal
